# This file is automatically @generated by Cargo.
# It is not intended for manual editing.
version = 3

[[package]]
name = "alloc-traits"
version = "0.1.1"
source = "registry+https://github.com/rust-lang/crates.io-index"
checksum = "6b2d54853319fd101b8dd81de382bcbf3e03410a64d8928bbee85a3e7dcde483"

[[package]]
name = "bump-oom"
version = "0.1.0"
dependencies = [
 "static-alloc",
]

[[package]]
name = "static-alloc"
version = "0.2.3"
source = "registry+https://github.com/rust-lang/crates.io-index"
checksum = "7ba7261e1a48f13244bf2bdfcbddf87567570749056c8747d23b2afa485b8e35"
dependencies = [
 "alloc-traits",
]
